
Microsoft Visual Studio Solution File, Format Version 12.00
# Visual Studio Version 17
VisualStudioVersion = 17.13.35825.156 d17.13
MinimumVisualStudioVersion = 10.0.40219.1
Project("{FAE04EC0-301F-11D3-BF4B-00C04F79EFBC}") = "Management of books_Project", "Management of books_Project\Management of books_Project.csproj", "{A95E9B80-F7C7-4F04-92D5-07174EE61F28}"
EndProject
Global
	GlobalSection(SolutionConfigurationPlatforms) = preSolution
		Debug|Any CPU = Debug|Any CPU
		Release|Any CPU = Release|Any CPU
	EndGlobalSection
	GlobalSection(ProjectConfigurationPlatforms) = postSolution
		{A95E9B80-F7C7-4F04-92D5-07174EE61F28}.Debug|Any CPU.ActiveCfg = Debug|Any CPU
		{A95E9B80-F7C7-4F04-92D5-07174EE61F28}.Debug|Any CPU.Build.0 = Debug|Any CPU
		{A95E9B80-F7C7-4F04-92D5-07174EE61F28}.Release|Any CPU.ActiveCfg = Release|Any CPU
		{A95E9B80-F7C7-4F04-92D5-07174EE61F28}.Release|Any CPU.Build.0 = Release|Any CPU
	EndGlobalSection
	GlobalSection(SolutionProperties) = preSolution
		HideSolutionNode = FALSE
	EndGlobalSection
	GlobalSection(ExtensibilityGlobals) = postSolution
		SolutionGuid = {84596278-7139-459C-90DC-96C4503B3941}
	EndGlobalSection
EndGlobal
